// !$*UTF8*$!
{
	archiveVersion = 1;
	classes = {
	};
	objectVersion = 46;
	objects = {

/* Begin PBXBuildFile section */
		0CAC023DA44BBE8E92D8C8DE /* Pods_FrenkUITests.framework in Frameworks */ = {isa = PBXBuildFile; fileRef = C81F9E204842FDA61F5D5594 /* Pods_FrenkUITests.framework */; };
		220D91141C1B133400FF6AC2 /* CatmullSpline.swift in Sources */ = {isa = PBXBuildFile; fileRef = 220D91131C1B133400FF6AC2 /* CatmullSpline.swift */; };
		221BB2191CF9BCE400A78F5F /* KeychainManager.swift in Sources */ = {isa = PBXBuildFile; fileRef = 221BB2181CF9BCE400A78F5F /* KeychainManager.swift */; };
		221BB21D1CFA133400A78F5F /* thumbs_up.png in Resources */ = {isa = PBXBuildFile; fileRef = 221BB21C1CFA133400A78F5F /* thumbs_up.png */; };
		221BB2211CFA175000A78F5F /* frenk_logo.png in Resources */ = {isa = PBXBuildFile; fileRef = 221BB2201CFA175000A78F5F /* frenk_logo.png */; };
		221BB2231CFA18F800A78F5F /* scroll.png in Resources */ = {isa = PBXBuildFile; fileRef = 221BB2221CFA18F800A78F5F /* scroll.png */; };
		221BB2271CFA1CBD00A78F5F /* scroll3.png in Resources */ = {isa = PBXBuildFile; fileRef = 221BB2261CFA1CBD00A78F5F /* scroll3.png */; };
		221BB2291CFA1D0000A78F5F /* thumbs_up2.png in Resources */ = {isa = PBXBuildFile; fileRef = 221BB2281CFA1D0000A78F5F /* thumbs_up2.png */; };
		221BB22B1CFA547200A78F5F /* AppData.swift in Sources */ = {isa = PBXBuildFile; fileRef = 221BB22A1CFA547200A78F5F /* AppData.swift */; };
		221CAD841C1999C500F57E62 /* StatusMenuController.swift in Sources */ = {isa = PBXBuildFile; fileRef = 221CAD831C1999C500F57E62 /* StatusMenuController.swift */; };
		2237D87B1CEE917B003845B5 /* Security.framework in Frameworks */ = {isa = PBXBuildFile; fileRef = 2237D87A1CEE917B003845B5 /* Security.framework */; };
		22593E9C1C18BCF9003CFCF2 /* AppDelegate.swift in Sources */ = {isa = PBXBuildFile; fileRef = 22593E9B1C18BCF9003CFCF2 /* AppDelegate.swift */; };
		22593E9E1C18BCF9003CFCF2 /* Assets.xcassets in Resources */ = {isa = PBXBuildFile; fileRef = 22593E9D1C18BCF9003CFCF2 /* Assets.xcassets */; };
		22593EA11C18BCF9003CFCF2 /* MainMenu.xib in Resources */ = {isa = PBXBuildFile; fileRef = 22593E9F1C18BCF9003CFCF2 /* MainMenu.xib */; };
		22593EAC1C18BCF9003CFCF2 /* SquiggleTests.swift in Sources */ = {isa = PBXBuildFile; fileRef = 22593EAB1C18BCF9003CFCF2 /* SquiggleTests.swift */; };
		22593EB71C18BCF9003CFCF2 /* SquiggleUITests.swift in Sources */ = {isa = PBXBuildFile; fileRef = 22593EB61C18BCF9003CFCF2 /* SquiggleUITests.swift */; };
		225C14F91CE8D4F600A12030 /* GestureManager.swift in Sources */ = {isa = PBXBuildFile; fileRef = 225C14F81CE8D4F600A12030 /* GestureManager.swift */; };
		225C14FB1CE8D65600A12030 /* Gesture.swift in Sources */ = {isa = PBXBuildFile; fileRef = 225C14FA1CE8D65600A12030 /* Gesture.swift */; };
		2260B8EF1CF920BE008416B3 /* AboutWindowController.swift in Sources */ = {isa = PBXBuildFile; fileRef = 2260B8ED1CF920BE008416B3 /* AboutWindowController.swift */; };
		2260B8F01CF920BE008416B3 /* AboutWindowController.xib in Resources */ = {isa = PBXBuildFile; fileRef = 2260B8EE1CF920BE008416B3 /* AboutWindowController.xib */; };
		22B83ABB1CF8EA010010A52B /* SetupWindowController.swift in Sources */ = {isa = PBXBuildFile; fileRef = 22B83AB91CF8EA010010A52B /* SetupWindowController.swift */; };
		22B83ABC1CF8EA010010A52B /* SetupWindowController.xib in Resources */ = {isa = PBXBuildFile; fileRef = 22B83ABA1CF8EA010010A52B /* SetupWindowController.xib */; };
		22E54B891CFB1C63003EA4DB /* thumbs_down.png in Resources */ = {isa = PBXBuildFile; fileRef = 22E54B881CFB1C63003EA4DB /* thumbs_down.png */; };
		22E54B8B1CFE2CD3003EA4DB /* DataShare.swift in Sources */ = {isa = PBXBuildFile; fileRef = 22E54B8A1CFE2CD3003EA4DB /* DataShare.swift */; };
		22E54B901CFE372F003EA4DB /* mouse.png in Resources */ = {isa = PBXBuildFile; fileRef = 22E54B8F1CFE372F003EA4DB /* mouse.png */; };
		22EA7C771CFF849000C2EE82 /* LaunchAtLoginManager.swift in Sources */ = {isa = PBXBuildFile; fileRef = 22EA7C761CFF849000C2EE82 /* LaunchAtLoginManager.swift */; };
		2DFE97A859DB0FE7FC20DA5F /* Pods_Frenk.framework in Frameworks */ = {isa = PBXBuildFile; fileRef = 4C4706A8B66A1454D10CA3E2 /* Pods_Frenk.framework */; };
		836A9B29DA0D3D3FE9D90800 /* Pods_FrenkTests.framework in Frameworks */ = {isa = PBXBuildFile; fileRef = D6FC2175175599A263D15781 /* Pods_FrenkTests.framework */; };
/* End PBXBuildFile section */

/* Begin PBXContainerItemProxy section */
		22593EA81C18BCF9003CFCF2 /* PBXContainerItemProxy */ = {
			isa = PBXContainerItemProxy;
			containerPortal = 22593E901C18BCF9003CFCF2 /* Project object */;
			proxyType = 1;
			remoteGlobalIDString = 22593E971C18BCF9003CFCF2;
			remoteInfo = Squiggle;
		};
		22593EB31C18BCF9003CFCF2 /* PBXContainerItemProxy */ = {
			isa = PBXContainerItemProxy;
			containerPortal = 22593E901C18BCF9003CFCF2 /* Project object */;
			proxyType = 1;
			remoteGlobalIDString = 22593E971C18BCF9003CFCF2;
			remoteInfo = Squiggle;
		};
/* End PBXContainerItemProxy section */

/* Begin PBXFileReference section */
		0EB79640569400AA1BB936A0 /* Pods_Squiggle.framework */ = {isa = PBXFileReference; explicitFileType = wrapper.framework; includeInIndex = 0; path = Pods_Squiggle.framework; sourceTree = BUILT_PRODUCTS_DIR; };
		14B95AD647BBD376A7A8F738 /* Pods-FrenkUITests.debug.xcconfig */ = {isa = PBXFileReference; includeInIndex = 1; lastKnownFileType = text.xcconfig; name = "Pods-FrenkUITests.debug.xcconfig"; path = "Pods/Target Support Files/Pods-FrenkUITests/Pods-FrenkUITests.debug.xcconfig"; sourceTree = "<group>"; };
		220D91131C1B133400FF6AC2 /* CatmullSpline.swift */ = {isa = PBXFileReference; fileEncoding = 4; lastKnownFileType = sourcecode.swift; name = CatmullSpline.swift; path = Squiggle/CatmullSpline.swift; sourceTree = "<group>"; };
		221BB2181CF9BCE400A78F5F /* KeychainManager.swift */ = {isa = PBXFileReference; fileEncoding = 4; lastKnownFileType = sourcecode.swift; path = KeychainManager.swift; sourceTree = "<group>"; };
		221BB21C1CFA133400A78F5F /* thumbs_up.png */ = {isa = PBXFileReference; lastKnownFileType = image.png; path = thumbs_up.png; sourceTree = "<group>"; };
		221BB2201CFA175000A78F5F /* frenk_logo.png */ = {isa = PBXFileReference; lastKnownFileType = image.png; path = frenk_logo.png; sourceTree = "<group>"; };
		221BB2221CFA18F800A78F5F /* scroll.png */ = {isa = PBXFileReference; lastKnownFileType = image.png; path = scroll.png; sourceTree = "<group>"; };
		221BB2261CFA1CBD00A78F5F /* scroll3.png */ = {isa = PBXFileReference; lastKnownFileType = image.png; path = scroll3.png; sourceTree = "<group>"; };
		221BB2281CFA1D0000A78F5F /* thumbs_up2.png */ = {isa = PBXFileReference; lastKnownFileType = image.png; path = thumbs_up2.png; sourceTree = "<group>"; };
		221BB22A1CFA547200A78F5F /* AppData.swift */ = {isa = PBXFileReference; fileEncoding = 4; lastKnownFileType = sourcecode.swift; path = AppData.swift; sourceTree = "<group>"; };
		221CAD831C1999C500F57E62 /* StatusMenuController.swift */ = {isa = PBXFileReference; fileEncoding = 4; lastKnownFileType = sourcecode.swift; name = StatusMenuController.swift; path = Squiggle/StatusMenuController.swift; sourceTree = "<group>"; };
		2237D8741CEE8D7A003845B5 /* ApplicationServices.framework */ = {isa = PBXFileReference; lastKnownFileType = wrapper.framework; name = ApplicationServices.framework; path = System/Library/Frameworks/ApplicationServices.framework; sourceTree = SDKROOT; };
		2237D87A1CEE917B003845B5 /* Security.framework */ = {isa = PBXFileReference; lastKnownFileType = wrapper.framework; name = Security.framework; path = System/Library/Frameworks/Security.framework; sourceTree = SDKROOT; };
		22593E981C18BCF9003CFCF2 /* Frenk.app */ = {isa = PBXFileReference; explicitFileType = wrapper.application; includeInIndex = 0; path = Frenk.app; sourceTree = BUILT_PRODUCTS_DIR; };
		22593E9B1C18BCF9003CFCF2 /* AppDelegate.swift */ = {isa = PBXFileReference; lastKnownFileType = sourcecode.swift; name = AppDelegate.swift; path = Squiggle/AppDelegate.swift; sourceTree = "<group>"; };
		22593E9D1C18BCF9003CFCF2 /* Assets.xcassets */ = {isa = PBXFileReference; lastKnownFileType = folder.assetcatalog; name = Assets.xcassets; path = Squiggle/Assets.xcassets; sourceTree = "<group>"; };
		22593EA01C18BCF9003CFCF2 /* Base */ = {isa = PBXFileReference; lastKnownFileType = file.xib; name = Base; path = Base.lproj/MainMenu.xib; sourceTree = "<group>"; };
		22593EA21C18BCF9003CFCF2 /* Info.plist */ = {isa = PBXFileReference; lastKnownFileType = text.plist.xml; name = Info.plist; path = Squiggle/Info.plist; sourceTree = "<group>"; };
		22593EA71C18BCF9003CFCF2 /* Frenk.xctest */ = {isa = PBXFileReference; explicitFileType = wrapper.cfbundle; includeInIndex = 0; path = Frenk.xctest; sourceTree = BUILT_PRODUCTS_DIR; };
		22593EAB1C18BCF9003CFCF2 /* SquiggleTests.swift */ = {isa = PBXFileReference; lastKnownFileType = sourcecode.swift; path = SquiggleTests.swift; sourceTree = "<group>"; };
		22593EAD1C18BCF9003CFCF2 /* Info.plist */ = {isa = PBXFileReference; lastKnownFileType = text.plist.xml; path = Info.plist; sourceTree = "<group>"; };
		22593EB21C18BCF9003CFCF2 /* Frenk.xctest */ = {isa = PBXFileReference; explicitFileType = wrapper.cfbundle; includeInIndex = 0; path = Frenk.xctest; sourceTree = BUILT_PRODUCTS_DIR; };
		22593EB61C18BCF9003CFCF2 /* SquiggleUITests.swift */ = {isa = PBXFileReference; lastKnownFileType = sourcecode.swift; path = SquiggleUITests.swift; sourceTree = "<group>"; };
		22593EB81C18BCF9003CFCF2 /* Info.plist */ = {isa = PBXFileReference; lastKnownFileType = text.plist.xml; path = Info.plist; sourceTree = "<group>"; };
		22593EC41C18D483003CFCF2 /* Squiggle.entitlements */ = {isa = PBXFileReference; lastKnownFileType = text.xml; name = Squiggle.entitlements; path = Squiggle/Squiggle.entitlements; sourceTree = "<group>"; };
		225C14F81CE8D4F600A12030 /* GestureManager.swift */ = {isa = PBXFileReference; fileEncoding = 4; lastKnownFileType = sourcecode.swift; name = GestureManager.swift; path = Squiggle/GestureManager.swift; sourceTree = "<group>"; };
		225C14FA1CE8D65600A12030 /* Gesture.swift */ = {isa = PBXFileReference; fileEncoding = 4; lastKnownFileType = sourcecode.swift; name = Gesture.swift; path = Squiggle/Gesture.swift; sourceTree = "<group>"; };
		2260B8ED1CF920BE008416B3 /* AboutWindowController.swift */ = {isa = PBXFileReference; fileEncoding = 4; lastKnownFileType = sourcecode.swift; path = AboutWindowController.swift; sourceTree = "<group>"; };
		2260B8EE1CF920BE008416B3 /* AboutWindowController.xib */ = {isa = PBXFileReference; fileEncoding = 4; lastKnownFileType = file.xib; path = AboutWindowController.xib; sourceTree = "<group>"; };
		22B83AB91CF8EA010010A52B /* SetupWindowController.swift */ = {isa = PBXFileReference; fileEncoding = 4; lastKnownFileType = sourcecode.swift; path = SetupWindowController.swift; sourceTree = "<group>"; };
		22B83ABA1CF8EA010010A52B /* SetupWindowController.xib */ = {isa = PBXFileReference; fileEncoding = 4; lastKnownFileType = file.xib; path = SetupWindowController.xib; sourceTree = "<group>"; };
		22E54B881CFB1C63003EA4DB /* thumbs_down.png */ = {isa = PBXFileReference; lastKnownFileType = image.png; path = thumbs_down.png; sourceTree = "<group>"; };
		22E54B8A1CFE2CD3003EA4DB /* DataShare.swift */ = {isa = PBXFileReference; fileEncoding = 4; lastKnownFileType = sourcecode.swift; path = DataShare.swift; sourceTree = "<group>"; };
		22E54B8F1CFE372F003EA4DB /* mouse.png */ = {isa = PBXFileReference; lastKnownFileType = image.png; path = mouse.png; sourceTree = "<group>"; };
		22EA7C761CFF849000C2EE82 /* LaunchAtLoginManager.swift */ = {isa = PBXFileReference; fileEncoding = 4; lastKnownFileType = sourcecode.swift; path = LaunchAtLoginManager.swift; sourceTree = "<group>"; };
		4BECA133996901A26BFEB9D2 /* Pods-FrenkTests.release.xcconfig */ = {isa = PBXFileReference; includeInIndex = 1; lastKnownFileType = text.xcconfig; name = "Pods-FrenkTests.release.xcconfig"; path = "Pods/Target Support Files/Pods-FrenkTests/Pods-FrenkTests.release.xcconfig"; sourceTree = "<group>"; };
		4C4706A8B66A1454D10CA3E2 /* Pods_Frenk.framework */ = {isa = PBXFileReference; explicitFileType = wrapper.framework; includeInIndex = 0; path = Pods_Frenk.framework; sourceTree = BUILT_PRODUCTS_DIR; };
		62DA12C82E199479A97371F4 /* Pods-FrenkUITests.release.xcconfig */ = {isa = PBXFileReference; includeInIndex = 1; lastKnownFileType = text.xcconfig; name = "Pods-FrenkUITests.release.xcconfig"; path = "Pods/Target Support Files/Pods-FrenkUITests/Pods-FrenkUITests.release.xcconfig"; sourceTree = "<group>"; };
		6E1D531A0CE4B47C5D1CDC5C /* Pods-Squiggle.debug.xcconfig */ = {isa = PBXFileReference; includeInIndex = 1; lastKnownFileType = text.xcconfig; name = "Pods-Squiggle.debug.xcconfig"; path = "Pods/Target Support Files/Pods-Squiggle/Pods-Squiggle.debug.xcconfig"; sourceTree = "<group>"; };
		70C4103E32840F910D79D2DB /* Pods-Squiggle.release.xcconfig */ = {isa = PBXFileReference; includeInIndex = 1; lastKnownFileType = text.xcconfig; name = "Pods-Squiggle.release.xcconfig"; path = "Pods/Target Support Files/Pods-Squiggle/Pods-Squiggle.release.xcconfig"; sourceTree = "<group>"; };
		98270E524F67860A4D9C19BE /* Pods-FrenkTests.debug.xcconfig */ = {isa = PBXFileReference; includeInIndex = 1; lastKnownFileType = text.xcconfig; name = "Pods-FrenkTests.debug.xcconfig"; path = "Pods/Target Support Files/Pods-FrenkTests/Pods-FrenkTests.debug.xcconfig"; sourceTree = "<group>"; };
		B3FB17E84A336D78BCC6BD38 /* Pods-Frenk.debug.xcconfig */ = {isa = PBXFileReference; includeInIndex = 1; lastKnownFileType = text.xcconfig; name = "Pods-Frenk.debug.xcconfig"; path = "Pods/Target Support Files/Pods-Frenk/Pods-Frenk.debug.xcconfig"; sourceTree = "<group>"; };
		C81F9E204842FDA61F5D5594 /* Pods_FrenkUITests.framework */ = {isa = PBXFileReference; explicitFileType = wrapper.framework; includeInIndex = 0; path = Pods_FrenkUITests.framework; sourceTree = BUILT_PRODUCTS_DIR; };
		CC98F935F22B523690B62137 /* Pods-Frenk.release.xcconfig */ = {isa = PBXFileReference; includeInIndex = 1; lastKnownFileType = text.xcconfig; name = "Pods-Frenk.release.xcconfig"; path = "Pods/Target Support Files/Pods-Frenk/Pods-Frenk.release.xcconfig"; sourceTree = "<group>"; };
		D6FC2175175599A263D15781 /* Pods_FrenkTests.framework */ = {isa = PBXFileReference; explicitFileType = wrapper.framework; includeInIndex = 0; path = Pods_FrenkTests.framework; sourceTree = BUILT_PRODUCTS_DIR; };
/* End PBXFileReference section */

/* Begin PBXFrameworksBuildPhase section */
		22593E951C18BCF9003CFCF2 /* Frameworks */ = {
			isa = PBXFrameworksBuildPhase;
			buildActionMask = 2147483647;
			files = (
				2237D87B1CEE917B003845B5 /* Security.framework in Frameworks */,
				2DFE97A859DB0FE7FC20DA5F /* Pods_Frenk.framework in Frameworks */,
			);
			runOnlyForDeploymentPostprocessing = 0;
		};
		22593EA41C18BCF9003CFCF2 /* Frameworks */ = {
			isa = PBXFrameworksBuildPhase;
			buildActionMask = 2147483647;
			files = (
				836A9B29DA0D3D3FE9D90800 /* Pods_FrenkTests.framework in Frameworks */,
			);
			runOnlyForDeploymentPostprocessing = 0;
		};
		22593EAF1C18BCF9003CFCF2 /* Frameworks */ = {
			isa = PBXFrameworksBuildPhase;
			buildActionMask = 2147483647;
			files = (
				0CAC023DA44BBE8E92D8C8DE /* Pods_FrenkUITests.framework in Frameworks */,
			);
			runOnlyForDeploymentPostprocessing = 0;
		};
/* End PBXFrameworksBuildPhase section */

/* Begin PBXGroup section */
		221BB2171CF9BC8500A78F5F /* HelperClasses */ = {
			isa = PBXGroup;
			children = (
				225C14F81CE8D4F600A12030 /* GestureManager.swift */,
				221BB2181CF9BCE400A78F5F /* KeychainManager.swift */,
				220D91131C1B133400FF6AC2 /* CatmullSpline.swift */,
				225C14FA1CE8D65600A12030 /* Gesture.swift */,
				221BB22A1CFA547200A78F5F /* AppData.swift */,
				22E54B8A1CFE2CD3003EA4DB /* DataShare.swift */,
				22EA7C761CFF849000C2EE82 /* LaunchAtLoginManager.swift */,
			);
			name = HelperClasses;
			sourceTree = "<group>";
		};
		22593E8F1C18BCF9003CFCF2 = {
			isa = PBXGroup;
			children = (
				221BB2171CF9BC8500A78F5F /* HelperClasses */,
				22B83AB91CF8EA010010A52B /* SetupWindowController.swift */,
				22B83ABA1CF8EA010010A52B /* SetupWindowController.xib */,
				2260B8ED1CF920BE008416B3 /* AboutWindowController.swift */,
				2260B8EE1CF920BE008416B3 /* AboutWindowController.xib */,
				221BB2201CFA175000A78F5F /* frenk_logo.png */,
				22E54B8F1CFE372F003EA4DB /* mouse.png */,
				221BB2261CFA1CBD00A78F5F /* scroll3.png */,
				221BB2221CFA18F800A78F5F /* scroll.png */,
				221BB21C1CFA133400A78F5F /* thumbs_up.png */,
				22E54B881CFB1C63003EA4DB /* thumbs_down.png */,
				221BB2281CFA1D0000A78F5F /* thumbs_up2.png */,
				22593EC41C18D483003CFCF2 /* Squiggle.entitlements */,
				22593E9B1C18BCF9003CFCF2 /* AppDelegate.swift */,
				221CAD831C1999C500F57E62 /* StatusMenuController.swift */,
				22593E9D1C18BCF9003CFCF2 /* Assets.xcassets */,
				22593E9F1C18BCF9003CFCF2 /* MainMenu.xib */,
				22593EA21C18BCF9003CFCF2 /* Info.plist */,
				2237D87A1CEE917B003845B5 /* Security.framework */,
				2237D8741CEE8D7A003845B5 /* ApplicationServices.framework */,
				22593EAA1C18BCF9003CFCF2 /* SquiggleTests */,
				22593EB51C18BCF9003CFCF2 /* SquiggleUITests */,
				22593E991C18BCF9003CFCF2 /* Products */,
				F7364EBF0C12B77F522D73E2 /* Pods */,
				5672D714A9A33E9FC6F2792E /* Frameworks */,
			);
			sourceTree = "<group>";
		};
		22593E991C18BCF9003CFCF2 /* Products */ = {
			isa = PBXGroup;
			children = (
				22593E981C18BCF9003CFCF2 /* Frenk.app */,
				22593EA71C18BCF9003CFCF2 /* Frenk.xctest */,
				22593EB21C18BCF9003CFCF2 /* Frenk.xctest */,
			);
			name = Products;
			sourceTree = "<group>";
		};
		22593EAA1C18BCF9003CFCF2 /* SquiggleTests */ = {
			isa = PBXGroup;
			children = (
				22593EAB1C18BCF9003CFCF2 /* SquiggleTests.swift */,
				22593EAD1C18BCF9003CFCF2 /* Info.plist */,
			);
			path = SquiggleTests;
			sourceTree = "<group>";
		};
		22593EB51C18BCF9003CFCF2 /* SquiggleUITests */ = {
			isa = PBXGroup;
			children = (
				22593EB61C18BCF9003CFCF2 /* SquiggleUITests.swift */,
				22593EB81C18BCF9003CFCF2 /* Info.plist */,
			);
			path = SquiggleUITests;
			sourceTree = "<group>";
		};
		5672D714A9A33E9FC6F2792E /* Frameworks */ = {
			isa = PBXGroup;
			children = (
				0EB79640569400AA1BB936A0 /* Pods_Squiggle.framework */,
				4C4706A8B66A1454D10CA3E2 /* Pods_Frenk.framework */,
				D6FC2175175599A263D15781 /* Pods_FrenkTests.framework */,
				C81F9E204842FDA61F5D5594 /* Pods_FrenkUITests.framework */,
			);
			name = Frameworks;
			sourceTree = "<group>";
		};
		F7364EBF0C12B77F522D73E2 /* Pods */ = {
			isa = PBXGroup;
			children = (
				6E1D531A0CE4B47C5D1CDC5C /* Pods-Squiggle.debug.xcconfig */,
				70C4103E32840F910D79D2DB /* Pods-Squiggle.release.xcconfig */,
				B3FB17E84A336D78BCC6BD38 /* Pods-Frenk.debug.xcconfig */,
				CC98F935F22B523690B62137 /* Pods-Frenk.release.xcconfig */,
				98270E524F67860A4D9C19BE /* Pods-FrenkTests.debug.xcconfig */,
				4BECA133996901A26BFEB9D2 /* Pods-FrenkTests.release.xcconfig */,
				14B95AD647BBD376A7A8F738 /* Pods-FrenkUITests.debug.xcconfig */,
				62DA12C82E199479A97371F4 /* Pods-FrenkUITests.release.xcconfig */,
			);
			name = Pods;
			sourceTree = "<group>";
		};
/* End PBXGroup section */

/* Begin PBXNativeTarget section */
		22593E971C18BCF9003CFCF2 /* Frenk */ = {
			isa = PBXNativeTarget;
			buildConfigurationList = 22593EBB1C18BCF9003CFCF2 /* Build configuration list for PBXNativeTarget "Frenk" */;
			buildPhases = (
				98C9532E6EEBA3878B1EB8D4 /* 📦 Check Pods Manifest.lock */,
				22593E941C18BCF9003CFCF2 /* Sources */,
				22593E951C18BCF9003CFCF2 /* Frameworks */,
				22593E961C18BCF9003CFCF2 /* Resources */,
				C2DF4DD70F1C5A7B97574446 /* 📦 Embed Pods Frameworks */,
				78CA702B39A6B21A402119EC /* 📦 Copy Pods Resources */,
			);
			buildRules = (
			);
			dependencies = (
			);
			name = Frenk;
			productName = Squiggle;
			productReference = 22593E981C18BCF9003CFCF2 /* Frenk.app */;
			productType = "com.apple.product-type.application";
		};
		22593EA61C18BCF9003CFCF2 /* FrenkTests */ = {
			isa = PBXNativeTarget;
			buildConfigurationList = 22593EBE1C18BCF9003CFCF2 /* Build configuration list for PBXNativeTarget "FrenkTests" */;
			buildPhases = (
				F5A85D39FCD4874DA9F5D7CE /* 📦 Check Pods Manifest.lock */,
				22593EA31C18BCF9003CFCF2 /* Sources */,
				22593EA41C18BCF9003CFCF2 /* Frameworks */,
				22593EA51C18BCF9003CFCF2 /* Resources */,
				48B4F551751EECC4A635FD12 /* 📦 Embed Pods Frameworks */,
				6DE9F96F3F38272512463D5E /* 📦 Copy Pods Resources */,
			);
			buildRules = (
			);
			dependencies = (
				22593EA91C18BCF9003CFCF2 /* PBXTargetDependency */,
			);
			name = FrenkTests;
			productName = SquiggleTests;
			productReference = 22593EA71C18BCF9003CFCF2 /* Frenk.xctest */;
			productType = "com.apple.product-type.bundle.unit-test";
		};
		22593EB11C18BCF9003CFCF2 /* FrenkUITests */ = {
			isa = PBXNativeTarget;
			buildConfigurationList = 22593EC11C18BCF9003CFCF2 /* Build configuration list for PBXNativeTarget "FrenkUITests" */;
			buildPhases = (
				E2683577CDDF1005DF2671DB /* 📦 Check Pods Manifest.lock */,
				22593EAE1C18BCF9003CFCF2 /* Sources */,
				22593EAF1C18BCF9003CFCF2 /* Frameworks */,
				22593EB01C18BCF9003CFCF2 /* Resources */,
				D0F3EED0DB2B201D30FA76B8 /* 📦 Copy Pods Resources */,
			);
			buildRules = (
			);
			dependencies = (
				22593EB41C18BCF9003CFCF2 /* PBXTargetDependency */,
			);
			name = FrenkUITests;
			productName = SquiggleUITests;
			productReference = 22593EB21C18BCF9003CFCF2 /* Frenk.xctest */;
			productType = "com.apple.product-type.bundle.ui-testing";
		};
/* End PBXNativeTarget section */

/* Begin PBXProject section */
		22593E901C18BCF9003CFCF2 /* Project object */ = {
			isa = PBXProject;
			attributes = {
				LastSwiftUpdateCheck = 0720;
				LastUpgradeCheck = 0720;
				ORGANIZATIONNAME = "Efrem Agnilleri";
				TargetAttributes = {
					22593E971C18BCF9003CFCF2 = {
						CreatedOnToolsVersion = 7.2;
						DevelopmentTeam = 7JMYX58NKQ;
						SystemCapabilities = {
							com.apple.Sandbox = {
								enabled = 0;
							};
						};
					};
					22593EA61C18BCF9003CFCF2 = {
						CreatedOnToolsVersion = 7.2;
						TestTargetID = 22593E971C18BCF9003CFCF2;
					};
					22593EB11C18BCF9003CFCF2 = {
						CreatedOnToolsVersion = 7.2;
						TestTargetID = 22593E971C18BCF9003CFCF2;
					};
				};
			};
			buildConfigurationList = 22593E931C18BCF9003CFCF2 /* Build configuration list for PBXProject "Frenk" */;
			compatibilityVersion = "Xcode 3.2";
			developmentRegion = English;
			hasScannedForEncodings = 0;
			knownRegions = (
				en,
				Base,
			);
			mainGroup = 22593E8F1C18BCF9003CFCF2;
			productRefGroup = 22593E991C18BCF9003CFCF2 /* Products */;
			projectDirPath = "";
			projectRoot = "";
			targets = (
				22593E971C18BCF9003CFCF2 /* Frenk */,
				22593EA61C18BCF9003CFCF2 /* FrenkTests */,
				22593EB11C18BCF9003CFCF2 /* FrenkUITests */,
			);
		};
/* End PBXProject section */

/* Begin PBXResourcesBuildPhase section */
		22593E961C18BCF9003CFCF2 /* Resources */ = {
			isa = PBXResourcesBuildPhase;
			buildActionMask = 2147483647;
			files = (
				221BB2271CFA1CBD00A78F5F /* scroll3.png in Resources */,
				221BB2291CFA1D0000A78F5F /* thumbs_up2.png in Resources */,
				22593E9E1C18BCF9003CFCF2 /* Assets.xcassets in Resources */,
				22593EA11C18BCF9003CFCF2 /* MainMenu.xib in Resources */,
				221BB2211CFA175000A78F5F /* frenk_logo.png in Resources */,
				22E54B901CFE372F003EA4DB /* mouse.png in Resources */,
				22E54B891CFB1C63003EA4DB /* thumbs_down.png in Resources */,
				2260B8F01CF920BE008416B3 /* AboutWindowController.xib in Resources */,
				221BB2231CFA18F800A78F5F /* scroll.png in Resources */,
				22B83ABC1CF8EA010010A52B /* SetupWindowController.xib in Resources */,
				221BB21D1CFA133400A78F5F /* thumbs_up.png in Resources */,
			);
			runOnlyForDeploymentPostprocessing = 0;
		};
		22593EA51C18BCF9003CFCF2 /* Resources */ = {
			isa = PBXResourcesBuildPhase;
			buildActionMask = 2147483647;
			files = (
			);
			runOnlyForDeploymentPostprocessing = 0;
		};
		22593EB01C18BCF9003CFCF2 /* Resources */ = {
			isa = PBXResourcesBuildPhase;
			buildActionMask = 2147483647;
			files = (
			);
			runOnlyForDeploymentPostprocessing = 0;
		};
/* End PBXResourcesBuildPhase section */

/* Begin PBXShellScriptBuildPhase section */
		48B4F551751EECC4A635FD12 /* 📦 Embed Pods Frameworks */ = {
			isa = PBXShellScriptBuildPhase;
			buildActionMask = 2147483647;
			files = (
			);
			inputPaths = (
			);
			name = "📦 Embed Pods Frameworks";
			outputPaths = (
			);
			runOnlyForDeploymentPostprocessing = 0;
			shellPath = /bin/sh;
			shellScript = "\"${SRCROOT}/Pods/Target Support Files/Pods-FrenkTests/Pods-FrenkTests-frameworks.sh\"\n";
			showEnvVarsInLog = 0;
		};
		6DE9F96F3F38272512463D5E /* 📦 Copy Pods Resources */ = {
			isa = PBXShellScriptBuildPhase;
			buildActionMask = 2147483647;
			files = (
			);
			inputPaths = (
			);
			name = "📦 Copy Pods Resources";
			outputPaths = (
			);
			runOnlyForDeploymentPostprocessing = 0;
			shellPath = /bin/sh;
			shellScript = "\"${SRCROOT}/Pods/Target Support Files/Pods-FrenkTests/Pods-FrenkTests-resources.sh\"\n";
			showEnvVarsInLog = 0;
		};
		78CA702B39A6B21A402119EC /* 📦 Copy Pods Resources */ = {
			isa = PBXShellScriptBuildPhase;
			buildActionMask = 2147483647;
			files = (
			);
			inputPaths = (
			);
			name = "📦 Copy Pods Resources";
			outputPaths = (
			);
			runOnlyForDeploymentPostprocessing = 0;
			shellPath = /bin/sh;
			shellScript = "\"${SRCROOT}/Pods/Target Support Files/Pods-Frenk/Pods-Frenk-resources.sh\"\n";
			showEnvVarsInLog = 0;
		};
		98C9532E6EEBA3878B1EB8D4 /* 📦 Check Pods Manifest.lock */ = {
			isa = PBXShellScriptBuildPhase;
			buildActionMask = 2147483647;
			files = (
			);
			inputPaths = (
			);
			name = "📦 Check Pods Manifest.lock";
			outputPaths = (
			);
			runOnlyForDeploymentPostprocessing = 0;
			shellPath = /bin/sh;
			shellScript = "diff \"${PODS_ROOT}/../Podfile.lock\" \"${PODS_ROOT}/Manifest.lock\" > /dev/null\nif [[ $? != 0 ]] ; then\n    cat << EOM\nerror: The sandbox is not in sync with the Podfile.lock. Run 'pod install' or update your CocoaPods installation.\nEOM\n    exit 1\nfi\n";
			showEnvVarsInLog = 0;
		};
		C2DF4DD70F1C5A7B97574446 /* 📦 Embed Pods Frameworks */ = {
			isa = PBXShellScriptBuildPhase;
			buildActionMask = 2147483647;
			files = (
			);
			inputPaths = (
			);
			name = "📦 Embed Pods Frameworks";
			outputPaths = (
			);
			runOnlyForDeploymentPostprocessing = 0;
			shellPath = /bin/sh;
			shellScript = "\"${SRCROOT}/Pods/Target Support Files/Pods-Frenk/Pods-Frenk-frameworks.sh\"\n";
			showEnvVarsInLog = 0;
		};
		D0F3EED0DB2B201D30FA76B8 /* 📦 Copy Pods Resources */ = {
			isa = PBXShellScriptBuildPhase;
			buildActionMask = 2147483647;
			files = (
			);
			inputPaths = (
			);
			name = "📦 Copy Pods Resources";
			outputPaths = (
			);
			runOnlyForDeploymentPostprocessing = 0;
			shellPath = /bin/sh;
			shellScript = "\"${SRCROOT}/Pods/Target Support Files/Pods-FrenkUITests/Pods-FrenkUITests-resources.sh\"\n";
			showEnvVarsInLog = 0;
		};
		E2683577CDDF1005DF2671DB /* 📦 Check Pods Manifest.lock */ = {
			isa = PBXShellScriptBuildPhase;
			buildActionMask = 2147483647;
			files = (
			);
			inputPaths = (
			);
			name = "📦 Check Pods Manifest.lock";
			outputPaths = (
			);
			runOnlyForDeploymentPostprocessing = 0;
			shellPath = /bin/sh;
			shellScript = "diff \"${PODS_ROOT}/../Podfile.lock\" \"${PODS_ROOT}/Manifest.lock\" > /dev/null\nif [[ $? != 0 ]] ; then\n    cat << EOM\nerror: The sandbox is not in sync with the Podfile.lock. Run 'pod install' or update your CocoaPods installation.\nEOM\n    exit 1\nfi\n";
			showEnvVarsInLog = 0;
		};
		F5A85D39FCD4874DA9F5D7CE /* 📦 Check Pods Manifest.lock */ = {
			isa = PBXShellScriptBuildPhase;
			buildActionMask = 2147483647;
			files = (
			);
			inputPaths = (
			);
			name = "📦 Check Pods Manifest.lock";
			outputPaths = (
			);
			runOnlyForDeploymentPostprocessing = 0;
			shellPath = /bin/sh;
			shellScript = "diff \"${PODS_ROOT}/../Podfile.lock\" \"${PODS_ROOT}/Manifest.lock\" > /dev/null\nif [[ $? != 0 ]] ; then\n    cat << EOM\nerror: The sandbox is not in sync with the Podfile.lock. Run 'pod install' or update your CocoaPods installation.\nEOM\n    exit 1\nfi\n";
			showEnvVarsInLog = 0;
		};
/* End PBXShellScriptBuildPhase section */

/* Begin PBXSourcesBuildPhase section */
		22593E941C18BCF9003CFCF2 /* Sources */ = {
			isa = PBXSourcesBuildPhase;
			buildActionMask = 2147483647;
			files = (
				220D91141C1B133400FF6AC2 /* CatmullSpline.swift in Sources */,
				22B83ABB1CF8EA010010A52B /* SetupWindowController.swift in Sources */,
				225C14F91CE8D4F600A12030 /* GestureManager.swift in Sources */,
				22E54B8B1CFE2CD3003EA4DB /* DataShare.swift in Sources */,
				225C14FB1CE8D65600A12030 /* Gesture.swift in Sources */,
				221CAD841C1999C500F57E62 /* StatusMenuController.swift in Sources */,
				22593E9C1C18BCF9003CFCF2 /* AppDelegate.swift in Sources */,
				2260B8EF1CF920BE008416B3 /* AboutWindowController.swift in Sources */,
				221BB2191CF9BCE400A78F5F /* KeychainManager.swift in Sources */,
				22EA7C771CFF849000C2EE82 /* LaunchAtLoginManager.swift in Sources */,
				221BB22B1CFA547200A78F5F /* AppData.swift in Sources */,
			);
			runOnlyForDeploymentPostprocessing = 0;
		};
		22593EA31C18BCF9003CFCF2 /* Sources */ = {
			isa = PBXSourcesBuildPhase;
			buildActionMask = 2147483647;
			files = (
				22593EAC1C18BCF9003CFCF2 /* SquiggleTests.swift in Sources */,
			);
			runOnlyForDeploymentPostprocessing = 0;
		};
		22593EAE1C18BCF9003CFCF2 /* Sources */ = {
			isa = PBXSourcesBuildPhase;
			buildActionMask = 2147483647;
			files = (
				22593EB71C18BCF9003CFCF2 /* SquiggleUITests.swift in Sources */,
			);
			runOnlyForDeploymentPostprocessing = 0;
		};
/* End PBXSourcesBuildPhase section */

/* Begin PBXTargetDependency section */
		22593EA91C18BCF9003CFCF2 /* PBXTargetDependency */ = {
			isa = PBXTargetDependency;
			target = 22593E971C18BCF9003CFCF2 /* Frenk */;
			targetProxy = 22593EA81C18BCF9003CFCF2 /* PBXContainerItemProxy */;
		};
		22593EB41C18BCF9003CFCF2 /* PBXTargetDependency */ = {
			isa = PBXTargetDependency;
			target = 22593E971C18BCF9003CFCF2 /* Frenk */;
			targetProxy = 22593EB31C18BCF9003CFCF2 /* PBXContainerItemProxy */;
		};
/* End PBXTargetDependency section */

/* Begin PBXVariantGroup section */
		22593E9F1C18BCF9003CFCF2 /* MainMenu.xib */ = {
			isa = PBXVariantGroup;
			children = (
				22593EA01C18BCF9003CFCF2 /* Base */,
			);
			name = MainMenu.xib;
			path = Squiggle;
			sourceTree = "<group>";
		};
/* End PBXVariantGroup section */

/* Begin XCBuildConfiguration section */
		22593EB91C18BCF9003CFCF2 /* Debug */ = {
			isa = XCBuildConfiguration;
			buildSettings = {
				ALWAYS_SEARCH_USER_PATHS = NO;
				CLANG_CXX_LANGUAGE_STANDARD = "gnu++0x";
				CLANG_CXX_LIBRARY = "libc++";
				CLANG_ENABLE_MODULES = YES;
				CLANG_ENABLE_OBJC_ARC = YES;
				CLANG_WARN_BOOL_CONVERSION = YES;
				CLANG_WARN_CONSTANT_CONVERSION = YES;
				CLANG_WARN_DIRECT_OBJC_ISA_USAGE = YES_ERROR;
				CLANG_WARN_EMPTY_BODY = YES;
				CLANG_WARN_ENUM_CONVERSION = YES;
				CLANG_WARN_INT_CONVERSION = YES;
				CLANG_WARN_OBJC_ROOT_CLASS = YES_ERROR;
				CLANG_WARN_UNREACHABLE_CODE = YES;
				CLANG_WARN__DUPLICATE_METHOD_MATCH = YES;
				CODE_SIGN_IDENTITY = "-";
				COPY_PHASE_STRIP = NO;
				DEBUG_INFORMATION_FORMAT = dwarf;
				ENABLE_STRICT_OBJC_MSGSEND = YES;
				ENABLE_TESTABILITY = YES;
				GCC_C_LANGUAGE_STANDARD = gnu99;
				GCC_DYNAMIC_NO_PIC = NO;
				GCC_NO_COMMON_BLOCKS = YES;
				GCC_OPTIMIZATION_LEVEL = 0;
				GCC_PREPROCESSOR_DEFINITIONS = (
					"DEBUG=1",
					"$(inherited)",
				);
				GCC_WARN_64_TO_32_BIT_CONVERSION = YES;
				GCC_WARN_ABOUT_RETURN_TYPE = YES_ERROR;
				GCC_WARN_UNDECLARED_SELECTOR = YES;
				GCC_WARN_UNINITIALIZED_AUTOS = YES_AGGRESSIVE;
				GCC_WARN_UNUSED_FUNCTION = YES;
				GCC_WARN_UNUSED_VARIABLE = YES;
				MACOSX_DEPLOYMENT_TARGET = 10.11;
				MTL_ENABLE_DEBUG_INFO = YES;
				ONLY_ACTIVE_ARCH = YES;
				SDKROOT = macosx;
				SWIFT_OPTIMIZATION_LEVEL = "-Onone";
			};
			name = Debug;
		};
		22593EBA1C18BCF9003CFCF2 /* Release */ = {
			isa = XCBuildConfiguration;
			buildSettings = {
				ALWAYS_SEARCH_USER_PATHS = NO;
				CLANG_CXX_LANGUAGE_STANDARD = "gnu++0x";
				CLANG_CXX_LIBRARY = "libc++";
				CLANG_ENABLE_MODULES = YES;
				CLANG_ENABLE_OBJC_ARC = YES;
				CLANG_WARN_BOOL_CONVERSION = YES;
				CLANG_WARN_CONSTANT_CONVERSION = YES;
				CLANG_WARN_DIRECT_OBJC_ISA_USAGE = YES_ERROR;
				CLANG_WARN_EMPTY_BODY = YES;
				CLANG_WARN_ENUM_CONVERSION = YES;
				CLANG_WARN_INT_CONVERSION = YES;
				CLANG_WARN_OBJC_ROOT_CLASS = YES_ERROR;
				CLANG_WARN_UNREACHABLE_CODE = YES;
				CLANG_WARN__DUPLICATE_METHOD_MATCH = YES;
				CODE_SIGN_IDENTITY = "-";
				COPY_PHASE_STRIP = NO;
				DEBUG_INFORMATION_FORMAT = "dwarf-with-dsym";
				ENABLE_NS_ASSERTIONS = NO;
				ENABLE_STRICT_OBJC_MSGSEND = YES;
				GCC_C_LANGUAGE_STANDARD = gnu99;
				GCC_NO_COMMON_BLOCKS = YES;
				GCC_WARN_64_TO_32_BIT_CONVERSION = YES;
				GCC_WARN_ABOUT_RETURN_TYPE = YES_ERROR;
				GCC_WARN_UNDECLARED_SELECTOR = YES;
				GCC_WARN_UNINITIALIZED_AUTOS = YES_AGGRESSIVE;
				GCC_WARN_UNUSED_FUNCTION = YES;
				GCC_WARN_UNUSED_VARIABLE = YES;
				MACOSX_DEPLOYMENT_TARGET = 10.11;
				MTL_ENABLE_DEBUG_INFO = NO;
				SDKROOT = macosx;
			};
			name = Release;
		};
		22593EBC1C18BCF9003CFCF2 /* Debug */ = {
			isa = XCBuildConfiguration;
			baseConfigurationReference = B3FB17E84A336D78BCC6BD38 /* Pods-Frenk.debug.xcconfig */;
			buildSettings = {
				ASSETCATALOG_COMPILER_APPICON_NAME = AppIcon;
				CODE_SIGN_IDENTITY = "Mac Developer";
				COMBINE_HIDPI_IMAGES = YES;
				INFOPLIST_FILE = Squiggle/Info.plist;
				LD_RUNPATH_SEARCH_PATHS = "$(inherited) @executable_path/../Frameworks";
				PRODUCT_BUNDLE_IDENTIFIER = efremius.Frenk;
				PRODUCT_NAME = Frenk;
			};
			name = Debug;
		};
		22593EBD1C18BCF9003CFCF2 /* Release */ = {
			isa = XCBuildConfiguration;
			baseConfigurationReference = CC98F935F22B523690B62137 /* Pods-Frenk.release.xcconfig */;
			buildSettings = {
				ASSETCATALOG_COMPILER_APPICON_NAME = AppIcon;
				CODE_SIGN_IDENTITY = "Mac Developer";
				COMBINE_HIDPI_IMAGES = YES;
				INFOPLIST_FILE = Squiggle/Info.plist;
				LD_RUNPATH_SEARCH_PATHS = "$(inherited) @executable_path/../Frameworks";
				PRODUCT_BUNDLE_IDENTIFIER = efremius.Frenk;
				PRODUCT_NAME = Frenk;
			};
			name = Release;
		};
		22593EBF1C18BCF9003CFCF2 /* Debug */ = {
			isa = XCBuildConfiguration;
			baseConfigurationReference = 98270E524F67860A4D9C19BE /* Pods-FrenkTests.debug.xcconfig */;
			buildSettings = {
				BUNDLE_LOADER = "$(TEST_HOST)";
				COMBINE_HIDPI_IMAGES = YES;
				INFOPLIST_FILE = SquiggleTests/Info.plist;
				LD_RUNPATH_SEARCH_PATHS = "$(inherited) @executable_path/../Frameworks @loader_path/../Frameworks";
				PRODUCT_BUNDLE_IDENTIFIER = efremius.SquiggleTests;
				PRODUCT_NAME = Frenk;
				TEST_HOST = "$(BUILT_PRODUCTS_DIR)/Frenk.app/Contents/MacOS/Frenk";
			};
			name = Debug;
		};
		22593EC01C18BCF9003CFCF2 /* Release */ = {
			isa = XCBuildConfiguration;
			baseConfigurationReference = 4BECA133996901A26BFEB9D2 /* Pods-FrenkTests.release.xcconfig */;
			buildSettings = {
				BUNDLE_LOADER = "$(TEST_HOST)";
				COMBINE_HIDPI_IMAGES = YES;
				INFOPLIST_FILE = SquiggleTests/Info.plist;
				LD_RUNPATH_SEARCH_PATHS = "$(inherited) @executable_path/../Frameworks @loader_path/../Frameworks";
				PRODUCT_BUNDLE_IDENTIFIER = efremius.SquiggleTests;
				PRODUCT_NAME = Frenk;
				TEST_HOST = "$(BUILT_PRODUCTS_DIR)/Frenk.app/Contents/MacOS/Frenk";
			};
			name = Release;
		};
		22593EC21C18BCF9003CFCF2 /* Debug */ = {
			isa = XCBuildConfiguration;
			baseConfigurationReference = 14B95AD647BBD376A7A8F738 /* Pods-FrenkUITests.debug.xcconfig */;
			buildSettings = {
				COMBINE_HIDPI_IMAGES = YES;
				INFOPLIST_FILE = SquiggleUITests/Info.plist;
				LD_RUNPATH_SEARCH_PATHS = "$(inherited) @executable_path/../Frameworks @loader_path/../Frameworks";
				PRODUCT_BUNDLE_IDENTIFIER = efremius.SquiggleUITests;
				PRODUCT_NAME = Frenk;
				TEST_TARGET_NAME = Squiggle;
				USES_XCTRUNNER = YES;
			};
			name = Debug;
		};
		22593EC31C18BCF9003CFCF2 /* Release */ = {
			isa = XCBuildConfiguration;
			baseConfigurationReference = 62DA12C82E199479A97371F4 /* Pods-FrenkUITests.release.xcconfig */;
			buildSettings = {
				COMBINE_HIDPI_IMAGES = YES;
				INFOPLIST_FILE = SquiggleUITests/Info.plist;
				LD_RUNPATH_SEARCH_PATHS = "$(inherited) @executable_path/../Frameworks @loader_path/../Frameworks";
				PRODUCT_BUNDLE_IDENTIFIER = efremius.SquiggleUITests;
				PRODUCT_NAME = Frenk;
				TEST_TARGET_NAME = Squiggle;
				USES_XCTRUNNER = YES;
			};
			name = Release;
		};
/* End XCBuildConfiguration section */

/* Begin XCConfigurationList section */
		22593E931C18BCF9003CFCF2 /* Build configuration list for PBXProject "Frenk" */ = {
			isa = XCConfigurationList;
			buildConfigurations = (
				22593EB91C18BCF9003CFCF2 /* Debug */,
				22593EBA1C18BCF9003CFCF2 /* Release */,
			);
			defaultConfigurationIsVisible = 0;
			defaultConfigurationName = Release;
		};
		22593EBB1C18BCF9003CFCF2 /* Build configuration list for PBXNativeTarget "Frenk" */ = {
			isa = XCConfigurationList;
			buildConfigurations = (
				22593EBC1C18BCF9003CFCF2 /* Debug */,
				22593EBD1C18BCF9003CFCF2 /* Release */,
			);
			defaultConfigurationIsVisible = 0;
			defaultConfigurationName = Release;
		};
		22593EBE1C18BCF9003CFCF2 /* Build configuration list for PBXNativeTarget "FrenkTests" */ = {
			isa = XCConfigurationList;
			buildConfigurations = (
				22593EBF1C18BCF9003CFCF2 /* Debug */,
				22593EC01C18BCF9003CFCF2 /* Release */,
			);
			defaultConfigurationIsVisible = 0;
			defaultConfigurationName = Release;
		};
		22593EC11C18BCF9003CFCF2 /* Build configuration list for PBXNativeTarget "FrenkUITests" */ = {
			isa = XCConfigurationList;
			buildConfigurations = (
				22593EC21C18BCF9003CFCF2 /* Debug */,
				22593EC31C18BCF9003CFCF2 /* Release */,
			);
			defaultConfigurationIsVisible = 0;
			defaultConfigurationName = Release;
		};
/* End XCConfigurationList section */
	};
	rootObject = 22593E901C18BCF9003CFCF2 /* Project object */;
}
